{
  "name": "blockchain",
  "version": "1.0.0",
  "lockfileVersion": 2,
  "requires": true,
  "packages": {
    "": {
      "name": "blockchain",
      "version": "1.0.0",
      "license": "ISC",
      "dependencies": {
        "crypto-js": "^4.0.0",
        "crypto.js": "^2.0.2",
        "esm": "^3.2.25"
      }
    },
    "node_modules/crypto-js": {
      "version": "4.0.0",
      "resolved": "https://registry.npmjs.org/crypto-js/-/crypto-js-4.0.0.tgz",
      "integrity": "sha512-bzHZN8Pn+gS7DQA6n+iUmBfl0hO5DJq++QP3U6uTucDtk/0iGpXd/Gg7CGR0p8tJhofJyaKoWBuJI4eAO00BBg=="
    },
    "node_modules/crypto.js": {
      "version": "2.0.2",
      "resolved": "https://registry.npmjs.org/crypto.js/-/crypto.js-2.0.2.tgz",
      "integrity": "sha512-FKJP/s3KmqS8ThuInxpIGwuL8Wcfeg/0A5Nscko71zwDL+a/X7Y2HDQPtu7kTuDVAV/3ofxIEVdnNxqfks4zUw=="
    },
    "node_modules/esm": {
      "version": "3.2.25",
      "resolved": "https://registry.npmjs.org/esm/-/esm-3.2.25.tgz",
      "integrity": "sha512-U1suiZ2oDVWv4zPO56S0NcR5QriEahGtdN2OR6FiOG4WJvcjBVFB0qI4+eKoWFH483PKGuLuu6V8Z4T5g63UVA==",
      "engines": {
        "node": ">=6"
      }
    }
  },
  "dependencies": {
    "crypto-js": {
      "version": "4.0.0",
      "resolved": "https://registry.npmjs.org/crypto-js/-/crypto-js-4.0.0.tgz",
      "integrity": "sha512-bzHZN8Pn+gS7DQA6n+iUmBfl0hO5DJq++QP3U6uTucDtk/0iGpXd/Gg7CGR0p8tJhofJyaKoWBuJI4eAO00BBg=="
    },
    "crypto.js": {
      "version": "2.0.2",
      "resolved": "https://registry.npmjs.org/crypto.js/-/crypto.js-2.0.2.tgz",
      "integrity": "sha512-FKJP/s3KmqS8ThuInxpIGwuL8Wcfeg/0A5Nscko71zwDL+a/X7Y2HDQPtu7kTuDVAV/3ofxIEVdnNxqfks4zUw=="
    },
    "esm": {
      "version": "3.2.25",
      "resolved": "https://registry.npmjs.org/esm/-/esm-3.2.25.tgz",
      "integrity": "sha512-U1suiZ2oDVWv4zPO56S0NcR5QriEahGtdN2OR6FiOG4WJvcjBVFB0qI4+eKoWFH483PKGuLuu6V8Z4T5g63UVA=="
    }
  }
}
